PODS:
  - Alamofire (4.9.1)
  - SynologyKit (0.0.7):
    - Alamofire

DEPENDENCIES:
  - SynologyKit (from `.`)

SPEC REPOS:
  trunk:
    - Alamofire

EXTERNAL SOURCES:
  SynologyKit:
    :path: "."

SPEC CHECKSUMS:
  Alamofire: 85e8a02c69d6020a0d734f6054870d7ecb75cf18
  SynologyKit: 860d448cea5141427208cbbc43f8323b2df79eaf

PODFILE CHECKSUM: a3827737406767849322d416c9c44b6a8b91624b

COCOAPODS: 1.8.4
